
Microsoft Visual Studio Solution File, Format Version 12.00
# Visual Studio 2012
Project("{FAE04EC0-301F-11D3-BF4B-00C04F79EFBC}") = "LoadMovies", "LoadMovies\LoadMovies.csproj", "{FFDEF6E1-8D3E-44E8-BF2F-4C4289F3DBFB}"
EndProject
Project("{FAE04EC0-301F-11D3-BF4B-00C04F79EFBC}") = "MyMoviesMVC", "MyMoviesMVC\MyMoviesMVC.csproj", "{1928774F-4A4C-4B64-BFDD-8D297B8412F2}"
EndProject
Project("{FAE04EC0-301F-11D3-BF4B-00C04F79EFBC}") = "MyMoviesMVC.Tests", "MyMoviesMVC.Tests\MyMoviesMVC.Tests.csproj", "{463463FE-6255-48F2-AFF9-3BD43FAA80E6}"
EndProject
Project("{FAE04EC0-301F-11D3-BF4B-00C04F79EFBC}") = "LoadMoviesTest", "LoadMoviesTest\LoadMoviesTest.csproj", "{E823113E-0FB4-4256-9592-D295905D61FA}"
EndProject
Global
	GlobalSection(SolutionConfigurationPlatforms) = preSolution
		Debug|Any CPU = Debug|Any CPU
		Release|Any CPU = Release|Any CPU
	EndGlobalSection
	GlobalSection(ProjectConfigurationPlatforms) = postSolution
		{FFDEF6E1-8D3E-44E8-BF2F-4C4289F3DBFB}.Debug|Any CPU.ActiveCfg = Debug|Any CPU
		{FFDEF6E1-8D3E-44E8-BF2F-4C4289F3DBFB}.Debug|Any CPU.Build.0 = Debug|Any CPU
		{FFDEF6E1-8D3E-44E8-BF2F-4C4289F3DBFB}.Release|Any CPU.ActiveCfg = Release|Any CPU
		{FFDEF6E1-8D3E-44E8-BF2F-4C4289F3DBFB}.Release|Any CPU.Build.0 = Release|Any CPU
		{1928774F-4A4C-4B64-BFDD-8D297B8412F2}.Debug|Any CPU.ActiveCfg = Debug|Any CPU
		{1928774F-4A4C-4B64-BFDD-8D297B8412F2}.Debug|Any CPU.Build.0 = Debug|Any CPU
		{1928774F-4A4C-4B64-BFDD-8D297B8412F2}.Release|Any CPU.ActiveCfg = Release|Any CPU
		{1928774F-4A4C-4B64-BFDD-8D297B8412F2}.Release|Any CPU.Build.0 = Release|Any CPU
		{463463FE-6255-48F2-AFF9-3BD43FAA80E6}.Debug|Any CPU.ActiveCfg = Debug|Any CPU
		{463463FE-6255-48F2-AFF9-3BD43FAA80E6}.Debug|Any CPU.Build.0 = Debug|Any CPU
		{463463FE-6255-48F2-AFF9-3BD43FAA80E6}.Release|Any CPU.ActiveCfg = Release|Any CPU
		{463463FE-6255-48F2-AFF9-3BD43FAA80E6}.Release|Any CPU.Build.0 = Release|Any CPU
		{E823113E-0FB4-4256-9592-D295905D61FA}.Debug|Any CPU.ActiveCfg = Debug|Any CPU
		{E823113E-0FB4-4256-9592-D295905D61FA}.Debug|Any CPU.Build.0 = Debug|Any CPU
		{E823113E-0FB4-4256-9592-D295905D61FA}.Release|Any CPU.ActiveCfg = Release|Any CPU
		{E823113E-0FB4-4256-9592-D295905D61FA}.Release|Any CPU.Build.0 = Release|Any CPU
	EndGlobalSection
	GlobalSection(SolutionProperties) = preSolution
		HideSolutionNode = FALSE
	EndGlobalSection
EndGlobal
