
Microsoft Visual Studio Solution File, Format Version 12.00
# Visual Studio 2012
Project("{FAE04EC0-301F-11D3-BF4B-00C04F79EFBC}") = "MyMovies", "MyMovies\MyMovies.csproj", "{6A9D4AD4-17BE-45F2-803F-466988CADDAA}"
EndProject
Project("{FAE04EC0-301F-11D3-BF4B-00C04F79EFBC}") = "MyMovies.Tests", "MyMovies.Tests\MyMovies.Tests.csproj", "{B37F0EA5-F534-42BE-ACDC-0308431630F7}"
EndProject
Global
	GlobalSection(SolutionConfigurationPlatforms) = preSolution
		Debug|Any CPU = Debug|Any CPU
		Release|Any CPU = Release|Any CPU
	EndGlobalSection
	GlobalSection(ProjectConfigurationPlatforms) = postSolution
		{6A9D4AD4-17BE-45F2-803F-466988CADDAA}.Debug|Any CPU.ActiveCfg = Debug|Any CPU
		{6A9D4AD4-17BE-45F2-803F-466988CADDAA}.Debug|Any CPU.Build.0 = Debug|Any CPU
		{6A9D4AD4-17BE-45F2-803F-466988CADDAA}.Release|Any CPU.ActiveCfg = Release|Any CPU
		{6A9D4AD4-17BE-45F2-803F-466988CADDAA}.Release|Any CPU.Build.0 = Release|Any CPU
		{B37F0EA5-F534-42BE-ACDC-0308431630F7}.Debug|Any CPU.ActiveCfg = Debug|Any CPU
		{B37F0EA5-F534-42BE-ACDC-0308431630F7}.Debug|Any CPU.Build.0 = Debug|Any CPU
		{B37F0EA5-F534-42BE-ACDC-0308431630F7}.Release|Any CPU.ActiveCfg = Release|Any CPU
		{B37F0EA5-F534-42BE-ACDC-0308431630F7}.Release|Any CPU.Build.0 = Release|Any CPU
	EndGlobalSection
	GlobalSection(SolutionProperties) = preSolution
		HideSolutionNode = FALSE
	EndGlobalSection
EndGlobal
