
Microsoft Visual Studio Solution File, Format Version 12.00
# Visual Studio 2012
Project("{FAE04EC0-301F-11D3-BF4B-00C04F79EFBC}") = "MyMovies", "MyMovies\MyMovies.csproj", "{C26EE67C-6DC7-4FAC-A8D7-32D07B6253DA}"
EndProject
Project("{FAE04EC0-301F-11D3-BF4B-00C04F79EFBC}") = "MyMovies.Tests", "MyMovies.Tests\MyMovies.Tests.csproj", "{39464B1F-38C2-434F-927E-B5B0650DA96B}"
EndProject
Project("{FAE04EC0-301F-11D3-BF4B-00C04F79EFBC}") = "LoadMovies", "LoadMovies\LoadMovies.csproj", "{54BEFC28-1D7A-4902-85DD-EFB83BAC76C1}"
EndProject
Project("{FAE04EC0-301F-11D3-BF4B-00C04F79EFBC}") = "LoadMoviesTest", "LoadMoviesTest\LoadMoviesTest.csproj", "{D3D6D47A-E619-4C91-89AE-0FC8E49F885D}"
EndProject
Global
	GlobalSection(SolutionConfigurationPlatforms) = preSolution
		Debug|Any CPU = Debug|Any CPU
		Release|Any CPU = Release|Any CPU
	EndGlobalSection
	GlobalSection(ProjectConfigurationPlatforms) = postSolution
		{C26EE67C-6DC7-4FAC-A8D7-32D07B6253DA}.Debug|Any CPU.ActiveCfg = Debug|Any CPU
		{C26EE67C-6DC7-4FAC-A8D7-32D07B6253DA}.Debug|Any CPU.Build.0 = Debug|Any CPU
		{C26EE67C-6DC7-4FAC-A8D7-32D07B6253DA}.Release|Any CPU.ActiveCfg = Release|Any CPU
		{C26EE67C-6DC7-4FAC-A8D7-32D07B6253DA}.Release|Any CPU.Build.0 = Release|Any CPU
		{39464B1F-38C2-434F-927E-B5B0650DA96B}.Debug|Any CPU.ActiveCfg = Debug|Any CPU
		{39464B1F-38C2-434F-927E-B5B0650DA96B}.Debug|Any CPU.Build.0 = Debug|Any CPU
		{39464B1F-38C2-434F-927E-B5B0650DA96B}.Release|Any CPU.ActiveCfg = Release|Any CPU
		{39464B1F-38C2-434F-927E-B5B0650DA96B}.Release|Any CPU.Build.0 = Release|Any CPU
		{54BEFC28-1D7A-4902-85DD-EFB83BAC76C1}.Debug|Any CPU.ActiveCfg = Debug|Any CPU
		{54BEFC28-1D7A-4902-85DD-EFB83BAC76C1}.Debug|Any CPU.Build.0 = Debug|Any CPU
		{54BEFC28-1D7A-4902-85DD-EFB83BAC76C1}.Release|Any CPU.ActiveCfg = Release|Any CPU
		{54BEFC28-1D7A-4902-85DD-EFB83BAC76C1}.Release|Any CPU.Build.0 = Release|Any CPU
		{D3D6D47A-E619-4C91-89AE-0FC8E49F885D}.Debug|Any CPU.ActiveCfg = Debug|Any CPU
		{D3D6D47A-E619-4C91-89AE-0FC8E49F885D}.Debug|Any CPU.Build.0 = Debug|Any CPU
		{D3D6D47A-E619-4C91-89AE-0FC8E49F885D}.Release|Any CPU.ActiveCfg = Release|Any CPU
		{D3D6D47A-E619-4C91-89AE-0FC8E49F885D}.Release|Any CPU.Build.0 = Release|Any CPU
	EndGlobalSection
	GlobalSection(SolutionProperties) = preSolution
		HideSolutionNode = FALSE
	EndGlobalSection
EndGlobal
