
Microsoft Visual Studio Solution File, Format Version 12.00
# Visual Studio 2012
Project("{FAE04EC0-301F-11D3-BF4B-00C04F79EFBC}") = "moviedatabaseTest", "moviedatabaseTest\moviedatabaseTest.csproj", "{262D0A42-0A25-4451-9D92-FE854D029658}"
EndProject
Global
	GlobalSection(SolutionConfigurationPlatforms) = preSolution
		Debug|Any CPU = Debug|Any CPU
		Release|Any CPU = Release|Any CPU
	EndGlobalSection
	GlobalSection(ProjectConfigurationPlatforms) = postSolution
		{262D0A42-0A25-4451-9D92-FE854D029658}.Debug|Any CPU.ActiveCfg = Debug|Any CPU
		{262D0A42-0A25-4451-9D92-FE854D029658}.Debug|Any CPU.Build.0 = Debug|Any CPU
		{262D0A42-0A25-4451-9D92-FE854D029658}.Release|Any CPU.ActiveCfg = Release|Any CPU
		{262D0A42-0A25-4451-9D92-FE854D029658}.Release|Any CPU.Build.0 = Release|Any CPU
	EndGlobalSection
	GlobalSection(SolutionProperties) = preSolution
		HideSolutionNode = FALSE
	EndGlobalSection
EndGlobal
